
Microsoft Visual Studio Solution File, Format Version 12.00
# Visual Studio 15
VisualStudioVersion = 15.0.28010.2041
MinimumVisualStudioVersion = 10.0.40219.1
Project("{FAE04EC0-301F-11D3-BF4B-00C04F79EFBC}") = "TryHard_3_MetOpt", "TryHard_3_MetOpt\TryHard_3_MetOpt.csproj", "{05DDF16F-4FC6-4E61-83D2-43F778BE44F9}"
EndProject
Global
	GlobalSection(SolutionConfigurationPlatforms) = preSolution
		Debug|Any CPU = Debug|Any CPU
		Release|Any CPU = Release|Any CPU
	EndGlobalSection
	GlobalSection(ProjectConfigurationPlatforms) = postSolution
		{05DDF16F-4FC6-4E61-83D2-43F778BE44F9}.Debug|Any CPU.ActiveCfg = Debug|Any CPU
		{05DDF16F-4FC6-4E61-83D2-43F778BE44F9}.Debug|Any CPU.Build.0 = Debug|Any CPU
		{05DDF16F-4FC6-4E61-83D2-43F778BE44F9}.Release|Any CPU.ActiveCfg = Release|Any CPU
		{05DDF16F-4FC6-4E61-83D2-43F778BE44F9}.Release|Any CPU.Build.0 = Release|Any CPU
	EndGlobalSection
	GlobalSection(SolutionProperties) = preSolution
		HideSolutionNode = FALSE
	EndGlobalSection
	GlobalSection(ExtensibilityGlobals) = postSolution
		SolutionGuid = {7E9BD014-C233-48ED-96D7-23D9116F3B72}
	EndGlobalSection
EndGlobal
